// !$*UTF8*$!
{
	archiveVersion = 1;
	classes = {
	};
	objectVersion = 50;
	objects = {

/* Begin PBXBuildFile section */
		7546E92B259652AB008DDD89 /* ImageCache.swift in Sources */ = {isa = PBXBuildFile; fileRef = 7546E92A259652AB008DDD89 /* ImageCache.swift */; };
		7546E93025965978008DDD89 /* ImageCacheKey.swift in Sources */ = {isa = PBXBuildFile; fileRef = 7546E92F25965978008DDD89 /* ImageCacheKey.swift */; };
		754CC8DE25926C5D0067D5C8 /* APIError.swift in Sources */ = {isa = PBXBuildFile; fileRef = 7573F3DA258D6DA4003DBB1C /* APIError.swift */; };
		754CC8E225926C650067D5C8 /* PhotoGalleryEndpoint.swift in Sources */ = {isa = PBXBuildFile; fileRef = 7573F3E7258D81F5003DBB1C /* PhotoGalleryEndpoint.swift */; };
		754CC8EA2592884B0067D5C8 /* MockAPIService.swift in Sources */ = {isa = PBXBuildFile; fileRef = 754CC8E92592884B0067D5C8 /* MockAPIService.swift */; };
		755A1A5E258FD29F00FA16CF /* AsyncImage.swift in Sources */ = {isa = PBXBuildFile; fileRef = 755A1A5D258FD29F00FA16CF /* AsyncImage.swift */; };
		755A1A65258FDA5900FA16CF /* ImageLoader.swift in Sources */ = {isa = PBXBuildFile; fileRef = 755A1A64258FDA5900FA16CF /* ImageLoader.swift */; };
		7573F3A7258D665D003DBB1C /* PhotoGalleryApp.swift in Sources */ = {isa = PBXBuildFile; fileRef = 7573F3A6258D665D003DBB1C /* PhotoGalleryApp.swift */; };
		7573F3A9258D665D003DBB1C /* PhotoGalleryView.swift in Sources */ = {isa = PBXBuildFile; fileRef = 7573F3A8258D665D003DBB1C /* PhotoGalleryView.swift */; };
		7573F3AB258D665D003DBB1C /* Assets.xcassets in Resources */ = {isa = PBXBuildFile; fileRef = 7573F3AA258D665D003DBB1C /* Assets.xcassets */; };
		7573F3AE258D665E003DBB1C /* Preview Assets.xcassets in Resources */ = {isa = PBXBuildFile; fileRef = 7573F3AD258D665E003DBB1C /* Preview Assets.xcassets */; };
		7573F3B9258D665E003DBB1C /* PhotoGalleryTests.swift in Sources */ = {isa = PBXBuildFile; fileRef = 7573F3B8258D665E003DBB1C /* PhotoGalleryTests.swift */; };
		7573F3C4258D665E003DBB1C /* PhotoGalleryUITests.swift in Sources */ = {isa = PBXBuildFile; fileRef = 7573F3C3258D665E003DBB1C /* PhotoGalleryUITests.swift */; };
		7573F3D6258D6D4A003DBB1C /* APIService.swift in Sources */ = {isa = PBXBuildFile; fileRef = 7573F3D5258D6D4A003DBB1C /* APIService.swift */; };
		7573F3DB258D6DA4003DBB1C /* APIError.swift in Sources */ = {isa = PBXBuildFile; fileRef = 7573F3DA258D6DA4003DBB1C /* APIError.swift */; };
		7573F3E8258D81F5003DBB1C /* PhotoGalleryEndpoint.swift in Sources */ = {isa = PBXBuildFile; fileRef = 7573F3E7258D81F5003DBB1C /* PhotoGalleryEndpoint.swift */; };
		7573F3ED258D8615003DBB1C /* PhotoGalleryViewModel.swift in Sources */ = {isa = PBXBuildFile; fileRef = 7573F3EC258D8615003DBB1C /* PhotoGalleryViewModel.swift */; };
		7573F3FA258D8D51003DBB1C /* Photo.swift in Sources */ = {isa = PBXBuildFile; fileRef = 7573F3F9258D8D51003DBB1C /* Photo.swift */; };
		7573F3FB258D8D51003DBB1C /* Photo.swift in Sources */ = {isa = PBXBuildFile; fileRef = 7573F3F9258D8D51003DBB1C /* Photo.swift */; };
/* End PBXBuildFile section */

/* Begin PBXContainerItemProxy section */
		7573F3B5258D665E003DBB1C /* PBXContainerItemProxy */ = {
			isa = PBXContainerItemProxy;
			containerPortal = 7573F39B258D665D003DBB1C /* Project object */;
			proxyType = 1;
			remoteGlobalIDString = 7573F3A2258D665D003DBB1C;
			remoteInfo = PhotoGallery;
		};
		7573F3C0258D665E003DBB1C /* PBXContainerItemProxy */ = {
			isa = PBXContainerItemProxy;
			containerPortal = 7573F39B258D665D003DBB1C /* Project object */;
			proxyType = 1;
			remoteGlobalIDString = 7573F3A2258D665D003DBB1C;
			remoteInfo = PhotoGallery;
		};
/* End PBXContainerItemProxy section */

/* Begin PBXFileReference section */
		7546E92A259652AB008DDD89 /* ImageCache.swift */ = {isa = PBXFileReference; lastKnownFileType = sourcecode.swift; path = ImageCache.swift; sourceTree = "<group>"; };
		7546E92F25965978008DDD89 /* ImageCacheKey.swift */ = {isa = PBXFileReference; lastKnownFileType = sourcecode.swift; path = ImageCacheKey.swift; sourceTree = "<group>"; };
		754CC8E92592884B0067D5C8 /* MockAPIService.swift */ = {isa = PBXFileReference; lastKnownFileType = sourcecode.swift; path = MockAPIService.swift; sourceTree = "<group>"; };
		755A1A5D258FD29F00FA16CF /* AsyncImage.swift */ = {isa = PBXFileReference; lastKnownFileType = sourcecode.swift; path = AsyncImage.swift; sourceTree = "<group>"; };
		755A1A64258FDA5900FA16CF /* ImageLoader.swift */ = {isa = PBXFileReference; lastKnownFileType = sourcecode.swift; path = ImageLoader.swift; sourceTree = "<group>"; };
		7573F3A3258D665D003DBB1C /* PhotoGallery.app */ = {isa = PBXFileReference; explicitFileType = wrapper.application; includeInIndex = 0; path = PhotoGallery.app; sourceTree = BUILT_PRODUCTS_DIR; };
		7573F3A6258D665D003DBB1C /* PhotoGalleryApp.swift */ = {isa = PBXFileReference; lastKnownFileType = sourcecode.swift; path = PhotoGalleryApp.swift; sourceTree = "<group>"; };
		7573F3A8258D665D003DBB1C /* PhotoGalleryView.swift */ = {isa = PBXFileReference; lastKnownFileType = sourcecode.swift; path = PhotoGalleryView.swift; sourceTree = "<group>"; };
		7573F3AA258D665D003DBB1C /* Assets.xcassets */ = {isa = PBXFileReference; lastKnownFileType = folder.assetcatalog; path = Assets.xcassets; sourceTree = "<group>"; };
		7573F3AD258D665E003DBB1C /* Preview Assets.xcassets */ = {isa = PBXFileReference; lastKnownFileType = folder.assetcatalog; path = "Preview Assets.xcassets"; sourceTree = "<group>"; };
		7573F3AF258D665E003DBB1C /* Info.plist */ = {isa = PBXFileReference; lastKnownFileType = text.plist.xml; path = Info.plist; sourceTree = "<group>"; };
		7573F3B4258D665E003DBB1C /* PhotoGalleryTests.xctest */ = {isa = PBXFileReference; explicitFileType = wrapper.cfbundle; includeInIndex = 0; path = PhotoGalleryTests.xctest; sourceTree = BUILT_PRODUCTS_DIR; };
		7573F3B8258D665E003DBB1C /* PhotoGalleryTests.swift */ = {isa = PBXFileReference; lastKnownFileType = sourcecode.swift; path = PhotoGalleryTests.swift; sourceTree = "<group>"; };
		7573F3BA258D665E003DBB1C /* Info.plist */ = {isa = PBXFileReference; lastKnownFileType = text.plist.xml; path = Info.plist; sourceTree = "<group>"; };
		7573F3BF258D665E003DBB1C /* PhotoGalleryUITests.xctest */ = {isa = PBXFileReference; explicitFileType = wrapper.cfbundle; includeInIndex = 0; path = PhotoGalleryUITests.xctest; sourceTree = BUILT_PRODUCTS_DIR; };
		7573F3C3258D665E003DBB1C /* PhotoGalleryUITests.swift */ = {isa = PBXFileReference; lastKnownFileType = sourcecode.swift; path = PhotoGalleryUITests.swift; sourceTree = "<group>"; };
		7573F3C5258D665E003DBB1C /* Info.plist */ = {isa = PBXFileReference; lastKnownFileType = text.plist.xml; path = Info.plist; sourceTree = "<group>"; };
		7573F3D5258D6D4A003DBB1C /* APIService.swift */ = {isa = PBXFileReference; lastKnownFileType = sourcecode.swift; path = APIService.swift; sourceTree = "<group>"; };
		7573F3DA258D6DA4003DBB1C /* APIError.swift */ = {isa = PBXFileReference; lastKnownFileType = sourcecode.swift; path = APIError.swift; sourceTree = "<group>"; };
		7573F3E7258D81F5003DBB1C /* PhotoGalleryEndpoint.swift */ = {isa = PBXFileReference; lastKnownFileType = sourcecode.swift; path = PhotoGalleryEndpoint.swift; sourceTree = "<group>"; };
		7573F3EC258D8615003DBB1C /* PhotoGalleryViewModel.swift */ = {isa = PBXFileReference; lastKnownFileType = sourcecode.swift; path = PhotoGalleryViewModel.swift; sourceTree = "<group>"; };
		7573F3F9258D8D51003DBB1C /* Photo.swift */ = {isa = PBXFileReference; lastKnownFileType = sourcecode.swift; path = Photo.swift; sourceTree = "<group>"; };
/* End PBXFileReference section */

/* Begin PBXFrameworksBuildPhase section */
		7573F3A0258D665D003DBB1C /* Frameworks */ = {
			isa = PBXFrameworksBuildPhase;
			buildActionMask = 2147483647;
			files = (
			);
			runOnlyForDeploymentPostprocessing = 0;
		};
		7573F3B1258D665E003DBB1C /* Frameworks */ = {
			isa = PBXFrameworksBuildPhase;
			buildActionMask = 2147483647;
			files = (
			);
			runOnlyForDeploymentPostprocessing = 0;
		};
		7573F3BC258D665E003DBB1C /* Frameworks */ = {
			isa = PBXFrameworksBuildPhase;
			buildActionMask = 2147483647;
			files = (
			);
			runOnlyForDeploymentPostprocessing = 0;
		};
/* End PBXFrameworksBuildPhase section */

/* Begin PBXGroup section */
		7546E9292596528A008DDD89 /* ImageLoader */ = {
			isa = PBXGroup;
			children = (
				755A1A64258FDA5900FA16CF /* ImageLoader.swift */,
				7546E92A259652AB008DDD89 /* ImageCache.swift */,
				7546E92F25965978008DDD89 /* ImageCacheKey.swift */,
			);
			path = ImageLoader;
			sourceTree = "<group>";
		};
		755A1A5C258FD27900FA16CF /* Views */ = {
			isa = PBXGroup;
			children = (
				7573F3A8258D665D003DBB1C /* PhotoGalleryView.swift */,
				755A1A5D258FD29F00FA16CF /* AsyncImage.swift */,
			);
			path = Views;
			sourceTree = "<group>";
		};
		755A1A62258FD89D00FA16CF /* App */ = {
			isa = PBXGroup;
			children = (
				7573F3A6258D665D003DBB1C /* PhotoGalleryApp.swift */,
			);
			path = App;
			sourceTree = "<group>";
		};
		755A1A63258FD8C400FA16CF /* ViewModels */ = {
			isa = PBXGroup;
			children = (
				7573F3EC258D8615003DBB1C /* PhotoGalleryViewModel.swift */,
			);
			path = ViewModels;
			sourceTree = "<group>";
		};
		7573F39A258D665D003DBB1C = {
			isa = PBXGroup;
			children = (
				7573F3A5258D665D003DBB1C /* PhotoGallery */,
				7573F3B7258D665E003DBB1C /* PhotoGalleryTests */,
				7573F3C2258D665E003DBB1C /* PhotoGalleryUITests */,
				7573F3A4258D665D003DBB1C /* Products */,
			);
			sourceTree = "<group>";
		};
		7573F3A4258D665D003DBB1C /* Products */ = {
			isa = PBXGroup;
			children = (
				7573F3A3258D665D003DBB1C /* PhotoGallery.app */,
				7573F3B4258D665E003DBB1C /* PhotoGalleryTests.xctest */,
				7573F3BF258D665E003DBB1C /* PhotoGalleryUITests.xctest */,
			);
			name = Products;
			sourceTree = "<group>";
		};
		7573F3A5258D665D003DBB1C /* PhotoGallery */ = {
			isa = PBXGroup;
			children = (
				755A1A62258FD89D00FA16CF /* App */,
				755A1A5C258FD27900FA16CF /* Views */,
				7546E9292596528A008DDD89 /* ImageLoader */,
				755A1A63258FD8C400FA16CF /* ViewModels */,
				7573F3F8258D8D3B003DBB1C /* Models */,
				7573F3D4258D6CBC003DBB1C /* Networking */,
				7573F3AA258D665D003DBB1C /* Assets.xcassets */,
				7573F3AF258D665E003DBB1C /* Info.plist */,
				7573F3AC258D665E003DBB1C /* Preview Content */,
			);
			path = PhotoGallery;
			sourceTree = "<group>";
		};
		7573F3AC258D665E003DBB1C /* Preview Content */ = {
			isa = PBXGroup;
			children = (
				7573F3AD258D665E003DBB1C /* Preview Assets.xcassets */,
			);
			path = "Preview Content";
			sourceTree = "<group>";
		};
		7573F3B7258D665E003DBB1C /* PhotoGalleryTests */ = {
			isa = PBXGroup;
			children = (
				754CC8E92592884B0067D5C8 /* MockAPIService.swift */,
				7573F3B8258D665E003DBB1C /* PhotoGalleryTests.swift */,
				7573F3BA258D665E003DBB1C /* Info.plist */,
			);
			path = PhotoGalleryTests;
			sourceTree = "<group>";
		};
		7573F3C2258D665E003DBB1C /* PhotoGalleryUITests */ = {
			isa = PBXGroup;
			children = (
				7573F3C3258D665E003DBB1C /* PhotoGalleryUITests.swift */,
				7573F3C5258D665E003DBB1C /* Info.plist */,
			);
			path = PhotoGalleryUITests;
			sourceTree = "<group>";
		};
		7573F3D4258D6CBC003DBB1C /* Networking */ = {
			isa = PBXGroup;
			children = (
				7573F3DA258D6DA4003DBB1C /* APIError.swift */,
				7573F3E7258D81F5003DBB1C /* PhotoGalleryEndpoint.swift */,
				7573F3D5258D6D4A003DBB1C /* APIService.swift */,
			);
			path = Networking;
			sourceTree = "<group>";
		};
		7573F3F8258D8D3B003DBB1C /* Models */ = {
			isa = PBXGroup;
			children = (
				7573F3F9258D8D51003DBB1C /* Photo.swift */,
			);
			path = Models;
			sourceTree = "<group>";
		};
/* End PBXGroup section */

/* Begin PBXNativeTarget section */
		7573F3A2258D665D003DBB1C /* PhotoGallery */ = {
			isa = PBXNativeTarget;
			buildConfigurationList = 7573F3C8258D665E003DBB1C /* Build configuration list for PBXNativeTarget "PhotoGallery" */;
			buildPhases = (
				7573F39F258D665D003DBB1C /* Sources */,
				7573F3A0258D665D003DBB1C /* Frameworks */,
				7573F3A1258D665D003DBB1C /* Resources */,
			);
			buildRules = (
			);
			dependencies = (
			);
			name = PhotoGallery;
			productName = PhotoGallery;
			productReference = 7573F3A3258D665D003DBB1C /* PhotoGallery.app */;
			productType = "com.apple.product-type.application";
		};
		7573F3B3258D665E003DBB1C /* PhotoGalleryTests */ = {
			isa = PBXNativeTarget;
			buildConfigurationList = 7573F3CB258D665E003DBB1C /* Build configuration list for PBXNativeTarget "PhotoGalleryTests" */;
			buildPhases = (
				7573F3B0258D665E003DBB1C /* Sources */,
				7573F3B1258D665E003DBB1C /* Frameworks */,
				7573F3B2258D665E003DBB1C /* Resources */,
			);
			buildRules = (
			);
			dependencies = (
				7573F3B6258D665E003DBB1C /* PBXTargetDependency */,
			);
			name = PhotoGalleryTests;
			productName = PhotoGalleryTests;
			productReference = 7573F3B4258D665E003DBB1C /* PhotoGalleryTests.xctest */;
			productType = "com.apple.product-type.bundle.unit-test";
		};
		7573F3BE258D665E003DBB1C /* PhotoGalleryUITests */ = {
			isa = PBXNativeTarget;
			buildConfigurationList = 7573F3CE258D665E003DBB1C /* Build configuration list for PBXNativeTarget "PhotoGalleryUITests" */;
			buildPhases = (
				7573F3BB258D665E003DBB1C /* Sources */,
				7573F3BC258D665E003DBB1C /* Frameworks */,
				7573F3BD258D665E003DBB1C /* Resources */,
			);
			buildRules = (
			);
			dependencies = (
				7573F3C1258D665E003DBB1C /* PBXTargetDependency */,
			);
			name = PhotoGalleryUITests;
			productName = PhotoGalleryUITests;
			productReference = 7573F3BF258D665E003DBB1C /* PhotoGalleryUITests.xctest */;
			productType = "com.apple.product-type.bundle.ui-testing";
		};
/* End PBXNativeTarget section */

/* Begin PBXProject section */
		7573F39B258D665D003DBB1C /* Project object */ = {
			isa = PBXProject;
			attributes = {
				LastSwiftUpdateCheck = 1230;
				LastUpgradeCheck = 1230;
				TargetAttributes = {
					7573F3A2258D665D003DBB1C = {
						CreatedOnToolsVersion = 12.3;
					};
					7573F3B3258D665E003DBB1C = {
						CreatedOnToolsVersion = 12.3;
						TestTargetID = 7573F3A2258D665D003DBB1C;
					};
					7573F3BE258D665E003DBB1C = {
						CreatedOnToolsVersion = 12.3;
						TestTargetID = 7573F3A2258D665D003DBB1C;
					};
				};
			};
			buildConfigurationList = 7573F39E258D665D003DBB1C /* Build configuration list for PBXProject "PhotoGallery" */;
			compatibilityVersion = "Xcode 9.3";
			developmentRegion = en;
			hasScannedForEncodings = 0;
			knownRegions = (
				en,
				Base,
			);
			mainGroup = 7573F39A258D665D003DBB1C;
			productRefGroup = 7573F3A4258D665D003DBB1C /* Products */;
			projectDirPath = "";
			projectRoot = "";
			targets = (
				7573F3A2258D665D003DBB1C /* PhotoGallery */,
				7573F3B3258D665E003DBB1C /* PhotoGalleryTests */,
				7573F3BE258D665E003DBB1C /* PhotoGalleryUITests */,
			);
		};
/* End PBXProject section */

/* Begin PBXResourcesBuildPhase section */
		7573F3A1258D665D003DBB1C /* Resources */ = {
			isa = PBXResourcesBuildPhase;
			buildActionMask = 2147483647;
			files = (
				7573F3AE258D665E003DBB1C /* Preview Assets.xcassets in Resources */,
				7573F3AB258D665D003DBB1C /* Assets.xcassets in Resources */,
			);
			runOnlyForDeploymentPostprocessing = 0;
		};
		7573F3B2258D665E003DBB1C /* Resources */ = {
			isa = PBXResourcesBuildPhase;
			buildActionMask = 2147483647;
			files = (
			);
			runOnlyForDeploymentPostprocessing = 0;
		};
		7573F3BD258D665E003DBB1C /* Resources */ = {
			isa = PBXResourcesBuildPhase;
			buildActionMask = 2147483647;
			files = (
			);
			runOnlyForDeploymentPostprocessing = 0;
		};
/* End PBXResourcesBuildPhase section */

/* Begin PBXSourcesBuildPhase section */
		7573F39F258D665D003DBB1C /* Sources */ = {
			isa = PBXSourcesBuildPhase;
			buildActionMask = 2147483647;
			files = (
				7546E93025965978008DDD89 /* ImageCacheKey.swift in Sources */,
				7546E92B259652AB008DDD89 /* ImageCache.swift in Sources */,
				7573F3FA258D8D51003DBB1C /* Photo.swift in Sources */,
				7573F3ED258D8615003DBB1C /* PhotoGalleryViewModel.swift in Sources */,
				7573F3A9258D665D003DBB1C /* PhotoGalleryView.swift in Sources */,
				7573F3E8258D81F5003DBB1C /* PhotoGalleryEndpoint.swift in Sources */,
				755A1A5E258FD29F00FA16CF /* AsyncImage.swift in Sources */,
				755A1A65258FDA5900FA16CF /* ImageLoader.swift in Sources */,
				7573F3DB258D6DA4003DBB1C /* APIError.swift in Sources */,
				7573F3A7258D665D003DBB1C /* PhotoGalleryApp.swift in Sources */,
				7573F3D6258D6D4A003DBB1C /* APIService.swift in Sources */,
			);
			runOnlyForDeploymentPostprocessing = 0;
		};
		7573F3B0258D665E003DBB1C /* Sources */ = {
			isa = PBXSourcesBuildPhase;
			buildActionMask = 2147483647;
			files = (
				7573F3FB258D8D51003DBB1C /* Photo.swift in Sources */,
				754CC8EA2592884B0067D5C8 /* MockAPIService.swift in Sources */,
				754CC8DE25926C5D0067D5C8 /* APIError.swift in Sources */,
				754CC8E225926C650067D5C8 /* PhotoGalleryEndpoint.swift in Sources */,
				7573F3B9258D665E003DBB1C /* PhotoGalleryTests.swift in Sources */,
			);
			runOnlyForDeploymentPostprocessing = 0;
		};
		7573F3BB258D665E003DBB1C /* Sources */ = {
			isa = PBXSourcesBuildPhase;
			buildActionMask = 2147483647;
			files = (
				7573F3C4258D665E003DBB1C /* PhotoGalleryUITests.swift in Sources */,
			);
			runOnlyForDeploymentPostprocessing = 0;
		};
/* End PBXSourcesBuildPhase section */

/* Begin PBXTargetDependency section */
		7573F3B6258D665E003DBB1C /* PBXTargetDependency */ = {
			isa = PBXTargetDependency;
			target = 7573F3A2258D665D003DBB1C /* PhotoGallery */;
			targetProxy = 7573F3B5258D665E003DBB1C /* PBXContainerItemProxy */;
		};
		7573F3C1258D665E003DBB1C /* PBXTargetDependency */ = {
			isa = PBXTargetDependency;
			target = 7573F3A2258D665D003DBB1C /* PhotoGallery */;
			targetProxy = 7573F3C0258D665E003DBB1C /* PBXContainerItemProxy */;
		};
/* End PBXTargetDependency section */

/* Begin XCBuildConfiguration section */
		7573F3C6258D665E003DBB1C /* Debug */ = {
			isa = XCBuildConfiguration;
			buildSettings = {
				ALWAYS_SEARCH_USER_PATHS = NO;
				CLANG_ANALYZER_NONNULL = YES;
				CLANG_ANALYZER_NUMBER_OBJECT_CONVERSION = YES_AGGRESSIVE;
				CLANG_CXX_LANGUAGE_STANDARD = "gnu++14";
				CLANG_CXX_LIBRARY = "libc++";
				CLANG_ENABLE_MODULES = YES;
				CLANG_ENABLE_OBJC_ARC = YES;
				CLANG_ENABLE_OBJC_WEAK = YES;
				CLANG_WARN_BLOCK_CAPTURE_AUTORELEASING = YES;
				CLANG_WARN_BOOL_CONVERSION = YES;
				CLANG_WARN_COMMA = YES;
				CLANG_WARN_CONSTANT_CONVERSION = YES;
				CLANG_WARN_DEPRECATED_OBJC_IMPLEMENTATIONS = YES;
				CLANG_WARN_DIRECT_OBJC_ISA_USAGE = YES_ERROR;
				CLANG_WARN_DOCUMENTATION_COMMENTS = YES;
				CLANG_WARN_EMPTY_BODY = YES;
				CLANG_WARN_ENUM_CONVERSION = YES;
				CLANG_WARN_INFINITE_RECURSION = YES;
				CLANG_WARN_INT_CONVERSION = YES;
				CLANG_WARN_NON_LITERAL_NULL_CONVERSION = YES;
				CLANG_WARN_OBJC_IMPLICIT_RETAIN_SELF = YES;
				CLANG_WARN_OBJC_LITERAL_CONVERSION = YES;
				CLANG_WARN_OBJC_ROOT_CLASS = YES_ERROR;
				CLANG_WARN_QUOTED_INCLUDE_IN_FRAMEWORK_HEADER = YES;
				CLANG_WARN_RANGE_LOOP_ANALYSIS = YES;
				CLANG_WARN_STRICT_PROTOTYPES = YES;
				CLANG_WARN_SUSPICIOUS_MOVE = YES;
				CLANG_WARN_UNGUARDED_AVAILABILITY = YES_AGGRESSIVE;
				CLANG_WARN_UNREACHABLE_CODE = YES;
				CLANG_WARN__DUPLICATE_METHOD_MATCH = YES;
				COPY_PHASE_STRIP = NO;
				DEBUG_INFORMATION_FORMAT = dwarf;
				ENABLE_STRICT_OBJC_MSGSEND = YES;
				ENABLE_TESTABILITY = YES;
				GCC_C_LANGUAGE_STANDARD = gnu11;
				GCC_DYNAMIC_NO_PIC = NO;
				GCC_NO_COMMON_BLOCKS = YES;
				GCC_OPTIMIZATION_LEVEL = 0;
				GCC_PREPROCESSOR_DEFINITIONS = (
					"DEBUG=1",
					"$(inherited)",
				);
				GCC_WARN_64_TO_32_BIT_CONVERSION = YES;
				GCC_WARN_ABOUT_RETURN_TYPE = YES_ERROR;
				GCC_WARN_UNDECLARED_SELECTOR = YES;
				GCC_WARN_UNINITIALIZED_AUTOS = YES_AGGRESSIVE;
				GCC_WARN_UNUSED_FUNCTION = YES;
				GCC_WARN_UNUSED_VARIABLE = YES;
				IPHONEOS_DEPLOYMENT_TARGET = 14.3;
				MTL_ENABLE_DEBUG_INFO = INCLUDE_SOURCE;
				MTL_FAST_MATH = YES;
				ONLY_ACTIVE_ARCH = YES;
				SDKROOT = iphoneos;
				SWIFT_ACTIVE_COMPILATION_CONDITIONS = DEBUG;
				SWIFT_OPTIMIZATION_LEVEL = "-Onone";
			};
			name = Debug;
		};
		7573F3C7258D665E003DBB1C /* Release */ = {
			isa = XCBuildConfiguration;
			buildSettings = {
				ALWAYS_SEARCH_USER_PATHS = NO;
				CLANG_ANALYZER_NONNULL = YES;
				CLANG_ANALYZER_NUMBER_OBJECT_CONVERSION = YES_AGGRESSIVE;
				CLANG_CXX_LANGUAGE_STANDARD = "gnu++14";
				CLANG_CXX_LIBRARY = "libc++";
				CLANG_ENABLE_MODULES = YES;
				CLANG_ENABLE_OBJC_ARC = YES;
				CLANG_ENABLE_OBJC_WEAK = YES;
				CLANG_WARN_BLOCK_CAPTURE_AUTORELEASING = YES;
				CLANG_WARN_BOOL_CONVERSION = YES;
				CLANG_WARN_COMMA = YES;
				CLANG_WARN_CONSTANT_CONVERSION = YES;
				CLANG_WARN_DEPRECATED_OBJC_IMPLEMENTATIONS = YES;
				CLANG_WARN_DIRECT_OBJC_ISA_USAGE = YES_ERROR;
				CLANG_WARN_DOCUMENTATION_COMMENTS = YES;
				CLANG_WARN_EMPTY_BODY = YES;
				CLANG_WARN_ENUM_CONVERSION = YES;
				CLANG_WARN_INFINITE_RECURSION = YES;
				CLANG_WARN_INT_CONVERSION = YES;
				CLANG_WARN_NON_LITERAL_NULL_CONVERSION = YES;
				CLANG_WARN_OBJC_IMPLICIT_RETAIN_SELF = YES;
				CLANG_WARN_OBJC_LITERAL_CONVERSION = YES;
				CLANG_WARN_OBJC_ROOT_CLASS = YES_ERROR;
				CLANG_WARN_QUOTED_INCLUDE_IN_FRAMEWORK_HEADER = YES;
				CLANG_WARN_RANGE_LOOP_ANALYSIS = YES;
				CLANG_WARN_STRICT_PROTOTYPES = YES;
				CLANG_WARN_SUSPICIOUS_MOVE = YES;
				CLANG_WARN_UNGUARDED_AVAILABILITY = YES_AGGRESSIVE;
				CLANG_WARN_UNREACHABLE_CODE = YES;
				CLANG_WARN__DUPLICATE_METHOD_MATCH = YES;
				COPY_PHASE_STRIP = NO;
				DEBUG_INFORMATION_FORMAT = "dwarf-with-dsym";
				ENABLE_NS_ASSERTIONS = NO;
				ENABLE_STRICT_OBJC_MSGSEND = YES;
				GCC_C_LANGUAGE_STANDARD = gnu11;
				GCC_NO_COMMON_BLOCKS = YES;
				GCC_WARN_64_TO_32_BIT_CONVERSION = YES;
				GCC_WARN_ABOUT_RETURN_TYPE = YES_ERROR;
				GCC_WARN_UNDECLARED_SELECTOR = YES;
				GCC_WARN_UNINITIALIZED_AUTOS = YES_AGGRESSIVE;
				GCC_WARN_UNUSED_FUNCTION = YES;
				GCC_WARN_UNUSED_VARIABLE = YES;
				IPHONEOS_DEPLOYMENT_TARGET = 14.3;
				MTL_ENABLE_DEBUG_INFO = NO;
				MTL_FAST_MATH = YES;
				SDKROOT = iphoneos;
				SWIFT_COMPILATION_MODE = wholemodule;
				SWIFT_OPTIMIZATION_LEVEL = "-O";
				VALIDATE_PRODUCT = YES;
			};
			name = Release;
		};
		7573F3C9258D665E003DBB1C /* Debug */ = {
			isa = XCBuildConfiguration;
			buildSettings = {
				ASSETCATALOG_COMPILER_APPICON_NAME = AppIcon;
				ASSETCATALOG_COMPILER_GLOBAL_ACCENT_COLOR_NAME = AccentColor;
				CODE_SIGN_STYLE = Automatic;
				DEVELOPMENT_ASSET_PATHS = "\"PhotoGallery/Preview Content\"";
				DEVELOPMENT_TEAM = T443E98JT7;
				ENABLE_PREVIEWS = YES;
				INFOPLIST_FILE = PhotoGallery/Info.plist;
				IPHONEOS_DEPLOYMENT_TARGET = 14.0;
				LD_RUNPATH_SEARCH_PATHS = (
					"$(inherited)",
					"@executable_path/Frameworks",
				);
				PRODUCT_BUNDLE_IDENTIFIER = com.paulcarroll.PhotoGallery;
				PRODUCT_NAME = "$(TARGET_NAME)";
				SWIFT_VERSION = 5.0;
				TARGETED_DEVICE_FAMILY = "1,2";
			};
			name = Debug;
		};
		7573F3CA258D665E003DBB1C /* Release */ = {
			isa = XCBuildConfiguration;
			buildSettings = {
				ASSETCATALOG_COMPILER_APPICON_NAME = AppIcon;
				ASSETCATALOG_COMPILER_GLOBAL_ACCENT_COLOR_NAME = AccentColor;
				CODE_SIGN_STYLE = Automatic;
				DEVELOPMENT_ASSET_PATHS = "\"PhotoGallery/Preview Content\"";
				DEVELOPMENT_TEAM = T443E98JT7;
				ENABLE_PREVIEWS = YES;
				INFOPLIST_FILE = PhotoGallery/Info.plist;
				IPHONEOS_DEPLOYMENT_TARGET = 14.0;
				LD_RUNPATH_SEARCH_PATHS = (
					"$(inherited)",
					"@executable_path/Frameworks",
				);
				PRODUCT_BUNDLE_IDENTIFIER = com.paulcarroll.PhotoGallery;
				PRODUCT_NAME = "$(TARGET_NAME)";
				SWIFT_VERSION = 5.0;
				TARGETED_DEVICE_FAMILY = "1,2";
			};
			name = Release;
		};
		7573F3CC258D665E003DBB1C /* Debug */ = {
			isa = XCBuildConfiguration;
			buildSettings = {
				ALWAYS_EMBED_SWIFT_STANDARD_LIBRARIES = YES;
				BUNDLE_LOADER = "$(TEST_HOST)";
				CODE_SIGN_STYLE = Automatic;
				DEVELOPMENT_TEAM = T443E98JT7;
				INFOPLIST_FILE = PhotoGalleryTests/Info.plist;
				IPHONEOS_DEPLOYMENT_TARGET = 14.0;
				LD_RUNPATH_SEARCH_PATHS = (
					"$(inherited)",
					"@executable_path/Frameworks",
					"@loader_path/Frameworks",
				);
				PRODUCT_BUNDLE_IDENTIFIER = com.paulcarroll.PhotoGalleryTests;
				PRODUCT_NAME = "$(TARGET_NAME)";
				SWIFT_VERSION = 5.0;
				TARGETED_DEVICE_FAMILY = "1,2";
				TEST_HOST = "$(BUILT_PRODUCTS_DIR)/PhotoGallery.app/PhotoGallery";
			};
			name = Debug;
		};
		7573F3CD258D665E003DBB1C /* Release */ = {
			isa = XCBuildConfiguration;
			buildSettings = {
				ALWAYS_EMBED_SWIFT_STANDARD_LIBRARIES = YES;
				BUNDLE_LOADER = "$(TEST_HOST)";
				CODE_SIGN_STYLE = Automatic;
				DEVELOPMENT_TEAM = T443E98JT7;
				INFOPLIST_FILE = PhotoGalleryTests/Info.plist;
				IPHONEOS_DEPLOYMENT_TARGET = 14.0;
				LD_RUNPATH_SEARCH_PATHS = (
					"$(inherited)",
					"@executable_path/Frameworks",
					"@loader_path/Frameworks",
				);
				PRODUCT_BUNDLE_IDENTIFIER = com.paulcarroll.PhotoGalleryTests;
				PRODUCT_NAME = "$(TARGET_NAME)";
				SWIFT_VERSION = 5.0;
				TARGETED_DEVICE_FAMILY = "1,2";
				TEST_HOST = "$(BUILT_PRODUCTS_DIR)/PhotoGallery.app/PhotoGallery";
			};
			name = Release;
		};
		7573F3CF258D665E003DBB1C /* Debug */ = {
			isa = XCBuildConfiguration;
			buildSettings = {
				ALWAYS_EMBED_SWIFT_STANDARD_LIBRARIES = YES;
				CODE_SIGN_STYLE = Automatic;
				DEVELOPMENT_TEAM = T443E98JT7;
				INFOPLIST_FILE = PhotoGalleryUITests/Info.plist;
				LD_RUNPATH_SEARCH_PATHS = (
					"$(inherited)",
					"@executable_path/Frameworks",
					"@loader_path/Frameworks",
				);
				PRODUCT_BUNDLE_IDENTIFIER = com.paulcarroll.PhotoGalleryUITests;
				PRODUCT_NAME = "$(TARGET_NAME)";
				SWIFT_VERSION = 5.0;
				TARGETED_DEVICE_FAMILY = "1,2";
				TEST_TARGET_NAME = PhotoGallery;
			};
			name = Debug;
		};
		7573F3D0258D665E003DBB1C /* Release */ = {
			isa = XCBuildConfiguration;
			buildSettings = {
				ALWAYS_EMBED_SWIFT_STANDARD_LIBRARIES = YES;
				CODE_SIGN_STYLE = Automatic;
				DEVELOPMENT_TEAM = T443E98JT7;
				INFOPLIST_FILE = PhotoGalleryUITests/Info.plist;
				LD_RUNPATH_SEARCH_PATHS = (
					"$(inherited)",
					"@executable_path/Frameworks",
					"@loader_path/Frameworks",
				);
				PRODUCT_BUNDLE_IDENTIFIER = com.paulcarroll.PhotoGalleryUITests;
				PRODUCT_NAME = "$(TARGET_NAME)";
				SWIFT_VERSION = 5.0;
				TARGETED_DEVICE_FAMILY = "1,2";
				TEST_TARGET_NAME = PhotoGallery;
			};
			name = Release;
		};
/* End XCBuildConfiguration section */

/* Begin XCConfigurationList section */
		7573F39E258D665D003DBB1C /* Build configuration list for PBXProject "PhotoGallery" */ = {
			isa = XCConfigurationList;
			buildConfigurations = (
				7573F3C6258D665E003DBB1C /* Debug */,
				7573F3C7258D665E003DBB1C /* Release */,
			);
			defaultConfigurationIsVisible = 0;
			defaultConfigurationName = Release;
		};
		7573F3C8258D665E003DBB1C /* Build configuration list for PBXNativeTarget "PhotoGallery" */ = {
			isa = XCConfigurationList;
			buildConfigurations = (
				7573F3C9258D665E003DBB1C /* Debug */,
				7573F3CA258D665E003DBB1C /* Release */,
			);
			defaultConfigurationIsVisible = 0;
			defaultConfigurationName = Release;
		};
		7573F3CB258D665E003DBB1C /* Build configuration list for PBXNativeTarget "PhotoGalleryTests" */ = {
			isa = XCConfigurationList;
			buildConfigurations = (
				7573F3CC258D665E003DBB1C /* Debug */,
				7573F3CD258D665E003DBB1C /* Release */,
			);
			defaultConfigurationIsVisible = 0;
			defaultConfigurationName = Release;
		};
		7573F3CE258D665E003DBB1C /* Build configuration list for PBXNativeTarget "PhotoGalleryUITests" */ = {
			isa = XCConfigurationList;
			buildConfigurations = (
				7573F3CF258D665E003DBB1C /* Debug */,
				7573F3D0258D665E003DBB1C /* Release */,
			);
			defaultConfigurationIsVisible = 0;
			defaultConfigurationName = Release;
		};
/* End XCConfigurationList section */
	};
	rootObject = 7573F39B258D665D003DBB1C /* Project object */;
}
